
Microsoft Visual Studio Solution File, Format Version 12.00
# Visual Studio Version 17
VisualStudioVersion = 17.9.34902.65
MinimumVisualStudioVersion = 10.0.40219.1
Project("{FAE04EC0-301F-11D3-BF4B-00C04F79EFBC}") = "NewProjects", "NewProjects\NewProjects.csproj", "{A6A8590E-3FB1-47F9-819A-09BA2BFD6860}"
EndProject
Global
	GlobalSection(SolutionConfigurationPlatforms) = preSolution
		Debug|Any CPU = Debug|Any CPU
		Release|Any CPU = Release|Any CPU
	EndGlobalSection
	GlobalSection(ProjectConfigurationPlatforms) = postSolution
		{A6A8590E-3FB1-47F9-819A-09BA2BFD6860}.Debug|Any CPU.ActiveCfg = Debug|Any CPU
		{A6A8590E-3FB1-47F9-819A-09BA2BFD6860}.Debug|Any CPU.Build.0 = Debug|Any CPU
		{A6A8590E-3FB1-47F9-819A-09BA2BFD6860}.Release|Any CPU.ActiveCfg = Release|Any CPU
		{A6A8590E-3FB1-47F9-819A-09BA2BFD6860}.Release|Any CPU.Build.0 = Release|Any CPU
	EndGlobalSection
	GlobalSection(SolutionProperties) = preSolution
		HideSolutionNode = FALSE
	EndGlobalSection
	GlobalSection(ExtensibilityGlobals) = postSolution
		SolutionGuid = {90CE9438-F246-449F-910F-09F169ABBB87}
	EndGlobalSection
EndGlobal
